{
  "version": 4,
  "terraform_version": "1.1.8",
  "serial": 9,
  "lineage": "e4e96260-dc9a-fd6e-7841-93d23f7d5016",
  "outputs": {},
  "resources": [
    {
      "mode": "data",
      "type": "digitalocean_ssh_key",
      "name": "last",
      "provider": "provider[\"registry.terraform.io/digitalocean/digitalocean\"]",
      "instances": [
        {
          "schema_version": 0,
          "attributes": {
            "fingerprint": "b8:a3:f9:d0:c8:5c:83:66:cd:39:c1:4f:fe:ed:43:45",
            "id": 34130298,
            "name": "last",
            "public_key": "ssh-rsa AAAAB3NzaC1yc2EAAAADAQABAAABgQDWKaLtHYsy1cQEF4rg7YzmqTVh35DJ8myIxRIV5OXrevTuWEs9jba7dL4kY2ChSjVbbJe4wPzHNxXezG3FKTWn9TaSWSieC4Lnb/NGMSI6SijLC1uTWjexVLTBa8JaJVrUrzY5lsWC4blPK0gxqgBkM2pRKz4RkgTO8CwqZzKJDP75wrFtkTnwL4cYRTfKPvW7WKaKW8AVVF/wUFChe+1MRiSlQWA1vba0MkyD36KzestDIC8eSjr3H+tuFAHnaAaTbtviRjqo2RsIFBXf13IHkPLxuM9VbF6+8XQNcn/aIEPWJYZedl2BEu4UK8DAre5kYcLxN5biOxLjlcz8ROCQ9bPhq0t1E/HOrhmeUxq49uwbRScD+i4tEgsB+HF4h3nA05KcH0jgDDPuKftUeXWbVmj5p85DrnMHvoBCrSeiBkKRfzPse09VjqJOOVhUS89qGA6wuIj8O7mC266HsYogVfieHBQri3LCEp8B5HTkNkEImC6ZEGQn5Xm0IC0j8oM= admin\\admin@Admin"
          },
          "sensitive_attributes": []
        }
      ]
    },
    {
      "mode": "managed",
      "type": "digitalocean_droplet",
      "name": "www-1",
      "provider": "provider[\"registry.terraform.io/digitalocean/digitalocean\"]",
      "instances": [
        {
          "schema_version": 1,
          "attributes": {
            "backups": false,
            "created_at": "2022-04-18T13:36:55Z",
            "disk": 50,
            "droplet_agent": null,
            "graceful_shutdown": false,
            "id": "295866280",
            "image": "ubuntu-20-04-x64",
            "ipv4_address": "167.71.200.250",
            "ipv4_address_private": "10.104.0.2",
            "ipv6": false,
            "ipv6_address": "",
            "locked": false,
            "memory": 2048,
            "monitoring": false,
            "name": "tnt-monitor",
            "price_hourly": 0.01488,
            "price_monthly": 10,
            "private_networking": true,
            "region": "sgp1",
            "resize_disk": true,
            "size": "s-1vcpu-2gb",
            "ssh_keys": [
              "34130298"
            ],
            "status": "active",
            "tags": [],
            "urn": "do:droplet:295866280",
            "user_data": null,
            "vcpus": 1,
            "volume_ids": [],
            "vpc_uuid": "4c7311f6-0edf-4128-b683-520a0f0ae08e"
          },
          "sensitive_attributes": [],
          "private": "eyJzY2hlbWFfdmVyc2lvbiI6IjEifQ==",
          "dependencies": [
            "data.digitalocean_ssh_key.last"
          ]
        }
      ]
    },
    {
      "mode": "managed",
      "type": "digitalocean_record",
      "name": "CNAME-www",
      "provider": "provider[\"registry.terraform.io/digitalocean/digitalocean\"]",
      "instances": [
        {
          "schema_version": 0,
          "attributes": {
            "domain": "thanhhoangtnt.xyz",
            "flags": 0,
            "fqdn": "www.thanhhoangtnt.xyz",
            "id": "306701131",
            "name": "www",
            "port": 0,
            "priority": 0,
            "tag": "",
            "ttl": 1800,
            "type": "CNAME",
            "value": "@",
            "weight": 0
          },
          "sensitive_attributes": [],
          "private": "bnVsbA=="
        }
      ]
    }
  ]
}
